
Microsoft Visual Studio Solution File, Format Version 12.00
# Visual Studio 15
VisualStudioVersion = 15.0.27130.0
MinimumVisualStudioVersion = 10.0.40219.1
Project("{FAE04EC0-301F-11D3-BF4B-00C04F79EFBC}") = "DirectShow", "DirectShow\DirectShow.csproj", "{8D37DF2B-4977-438C-A82C-AD5C23B8CCD3}"
EndProject
Project("{FAE04EC0-301F-11D3-BF4B-00C04F79EFBC}") = "DirectShowWithDll", "DirectShowWithDll\DirectShowWithDll.csproj", "{030CB548-E4D6-42FE-AAB0-AB126C1BE317}"
EndProject
Global
	GlobalSection(SolutionConfigurationPlatforms) = preSolution
		Debug|Any CPU = Debug|Any CPU
		Release|Any CPU = Release|Any CPU
	EndGlobalSection
	GlobalSection(ProjectConfigurationPlatforms) = postSolution
		{8D37DF2B-4977-438C-A82C-AD5C23B8CCD3}.Debug|Any CPU.ActiveCfg = Debug|Any CPU
		{8D37DF2B-4977-438C-A82C-AD5C23B8CCD3}.Debug|Any CPU.Build.0 = Debug|Any CPU
		{8D37DF2B-4977-438C-A82C-AD5C23B8CCD3}.Release|Any CPU.ActiveCfg = Release|Any CPU
		{8D37DF2B-4977-438C-A82C-AD5C23B8CCD3}.Release|Any CPU.Build.0 = Release|Any CPU
		{030CB548-E4D6-42FE-AAB0-AB126C1BE317}.Debug|Any CPU.ActiveCfg = Debug|Any CPU
		{030CB548-E4D6-42FE-AAB0-AB126C1BE317}.Debug|Any CPU.Build.0 = Debug|Any CPU
		{030CB548-E4D6-42FE-AAB0-AB126C1BE317}.Release|Any CPU.ActiveCfg = Release|Any CPU
		{030CB548-E4D6-42FE-AAB0-AB126C1BE317}.Release|Any CPU.Build.0 = Release|Any CPU
	EndGlobalSection
	GlobalSection(SolutionProperties) = preSolution
		HideSolutionNode = FALSE
	EndGlobalSection
	GlobalSection(ExtensibilityGlobals) = postSolution
		SolutionGuid = {63FB825C-2C43-4B12-8E28-21A21FD8A2C7}
	EndGlobalSection
EndGlobal
